
Microsoft Visual Studio Solution File, Format Version 12.00
# Visual Studio 15
VisualStudioVersion = 15.0.27428.2037
MinimumVisualStudioVersion = 10.0.40219.1
Project("{FAE04EC0-301F-11D3-BF4B-00C04F79EFBC}") = "KalkulatorKalorii", "KalkulatorKalorii\KalkulatorKalorii.csproj", "{C24C834C-ABB1-4B22-87EB-E3EB93111CEB}"
EndProject
Global
	GlobalSection(SolutionConfigurationPlatforms) = preSolution
		Debug|Any CPU = Debug|Any CPU
		Release|Any CPU = Release|Any CPU
	EndGlobalSection
	GlobalSection(ProjectConfigurationPlatforms) = postSolution
		{C24C834C-ABB1-4B22-87EB-E3EB93111CEB}.Debug|Any CPU.ActiveCfg = Debug|Any CPU
		{C24C834C-ABB1-4B22-87EB-E3EB93111CEB}.Debug|Any CPU.Build.0 = Debug|Any CPU
		{C24C834C-ABB1-4B22-87EB-E3EB93111CEB}.Release|Any CPU.ActiveCfg = Release|Any CPU
		{C24C834C-ABB1-4B22-87EB-E3EB93111CEB}.Release|Any CPU.Build.0 = Release|Any CPU
	EndGlobalSection
	GlobalSection(SolutionProperties) = preSolution
		HideSolutionNode = FALSE
	EndGlobalSection
	GlobalSection(ExtensibilityGlobals) = postSolution
		SolutionGuid = {4E4BB4A5-F29E-446E-ADB4-E0E5EB59A0AB}
	EndGlobalSection
EndGlobal
